{
  "name": "choo-01-environment",
  "version": "1.0.0",
  "lockfileVersion": 1,
  "requires": true,
  "dependencies": {
    "bel": {
      "version": "5.0.3",
      "resolved": "https://registry.npmjs.org/bel/-/bel-5.0.3.tgz",
      "integrity": "sha512-bMLvUOrKBM2zWp3Ab6UugjCjFmsZtIeKH3oMNWaUr9RA94sNeicajzptZHQWU3K8KNIL8o6JwAmKG1W3mUiwXw==",
      "requires": {
        "hyperx": "2.3.0",
        "is-electron": "2.1.0",
        "pelo": "0.0.3"
      }
    },
    "choo": {
      "version": "6.0.0",
      "resolved": "https://registry.npmjs.org/choo/-/choo-6.0.0.tgz",
      "integrity": "sha512-bwBnTuZCZlHHTDJNqbBCdKmnLnApkJcaw6wYK6NRrS+wL1L4GXz1Athe6FiOGw15leisW+XhSGgF3WBT8E8Bmg==",
      "requires": {
        "bel": "5.0.3",
        "document-ready": "2.0.1",
        "nanobus": "4.2.0",
        "nanohref": "3.0.0",
        "nanolocation": "1.0.0",
        "nanomorph": "5.1.2",
        "nanoquery": "1.1.0",
        "nanoraf": "3.0.1",
        "nanorouter": "2.1.0",
        "nanotiming": "6.1.3",
        "scroll-to-anchor": "1.1.0",
        "xtend": "4.0.1"
      }
    },
    "document-ready": {
      "version": "2.0.1",
      "resolved": "https://registry.npmjs.org/document-ready/-/document-ready-2.0.1.tgz",
      "integrity": "sha1-PjvzHTI1uU4jLnssX6GmNOhzuuQ="
    },
    "hyperscript-attribute-to-property": {
      "version": "1.0.0",
      "resolved": "https://registry.npmjs.org/hyperscript-attribute-to-property/-/hyperscript-attribute-to-property-1.0.0.tgz",
      "integrity": "sha1-glMI1Ju44pV5I/cxmBvMgRytev8="
    },
    "hyperx": {
      "version": "2.3.0",
      "resolved": "https://registry.npmjs.org/hyperx/-/hyperx-2.3.0.tgz",
      "integrity": "sha1-cPRz1m1K1VDd0cg+S+JlEna78eI=",
      "requires": {
        "hyperscript-attribute-to-property": "1.0.0"
      }
    },
    "is-electron": {
      "version": "2.1.0",
      "resolved": "https://registry.npmjs.org/is-electron/-/is-electron-2.1.0.tgz",
      "integrity": "sha512-dkg5xT383+M6zIbbXW/z7n2nz4SFUi2OSyhntnFYkRdtV+HVEfdjEK+5AWisfYgkpe3WYjTIuh7toaKmSfFVWw=="
    },
    "nanobus": {
      "version": "4.2.0",
      "resolved": "https://registry.npmjs.org/nanobus/-/nanobus-4.2.0.tgz",
      "integrity": "sha1-T/6wNlsDPXp8xPDI7lyMGqmzK6w=",
      "requires": {
        "nanotiming": "6.1.3",
        "remove-array-items": "1.0.0"
      }
    },
    "nanohref": {
      "version": "3.0.0",
      "resolved": "https://registry.npmjs.org/nanohref/-/nanohref-3.0.0.tgz",
      "integrity": "sha1-wysD4KJY+1/pELtqT+yoESC5RHI="
    },
    "nanolocation": {
      "version": "1.0.0",
      "resolved": "https://registry.npmjs.org/nanolocation/-/nanolocation-1.0.0.tgz",
      "integrity": "sha1-FbXHrwWJXRqfIfDRNkldmURQaGs="
    },
    "nanomorph": {
      "version": "5.1.2",
      "resolved": "https://registry.npmjs.org/nanomorph/-/nanomorph-5.1.2.tgz",
      "integrity": "sha1-ZtElCYco5UsOyqDISYA205XT8l0="
    },
    "nanoquery": {
      "version": "1.1.0",
      "resolved": "https://registry.npmjs.org/nanoquery/-/nanoquery-1.1.0.tgz",
      "integrity": "sha1-g6giCTNAygU9aW7IYKEKWsTDtEI="
    },
    "nanoraf": {
      "version": "3.0.1",
      "resolved": "https://registry.npmjs.org/nanoraf/-/nanoraf-3.0.1.tgz",
      "integrity": "sha1-q5+5wle5rcxx2CmCy1jY+jUDdko="
    },
    "nanorouter": {
      "version": "2.1.0",
      "resolved": "https://registry.npmjs.org/nanorouter/-/nanorouter-2.1.0.tgz",
      "integrity": "sha1-T8r5YgOgCJjaiRiLG/9aj8Bu9P8=",
      "requires": {
        "wayfarer": "6.6.2"
      }
    },
    "nanotiming": {
      "version": "6.1.3",
      "resolved": "https://registry.npmjs.org/nanotiming/-/nanotiming-6.1.3.tgz",
      "integrity": "sha512-1PaTW4nyeYVKhPdydxl5u0tQn33C5Raf48lOKFKrKTUWmVlWdJkJKsqyYzGQ4jU43Da6NpyvAUzdZlfVs7RhPA==",
      "requires": {
        "on-idle": "3.1.2"
      }
    },
    "on-idle": {
      "version": "3.1.2",
      "resolved": "https://registry.npmjs.org/on-idle/-/on-idle-3.1.2.tgz",
      "integrity": "sha512-NRB0PAuE8LvWBtaN5b65U/vEWVLQPqUfSDOK6gf5BgfXa2WelSopZj4NkSR0MoqYsk28ugYpcdDpaYANV2WKEA=="
    },
    "pelo": {
      "version": "0.0.3",
      "resolved": "https://registry.npmjs.org/pelo/-/pelo-0.0.3.tgz",
      "integrity": "sha1-+2smsGEgNtsCuRj+qrPowMTLWXw="
    },
    "remove-array-items": {
      "version": "1.0.0",
      "resolved": "https://registry.npmjs.org/remove-array-items/-/remove-array-items-1.0.0.tgz",
      "integrity": "sha1-B79CyzMvTPboXq2DteToltIyayE="
    },
    "scroll-to-anchor": {
      "version": "1.1.0",
      "resolved": "https://registry.npmjs.org/scroll-to-anchor/-/scroll-to-anchor-1.1.0.tgz",
      "integrity": "sha1-yZuNLl2VBWdSeHyngJWrdbUgs/0="
    },
    "wayfarer": {
      "version": "6.6.2",
      "resolved": "https://registry.npmjs.org/wayfarer/-/wayfarer-6.6.2.tgz",
      "integrity": "sha512-jwIufUN6EYfMeCJYBA8r0YytqHaSGACLtOddMeBtdq5gTo2F2XgK+t7eEXSPUBF9vm+hdI/iPOtSz1EJOd01dQ==",
      "requires": {
        "xtend": "4.0.1"
      }
    },
    "xtend": {
      "version": "4.0.1",
      "resolved": "https://registry.npmjs.org/xtend/-/xtend-4.0.1.tgz",
      "integrity": "sha1-pcbVMr5lbiPbgg77lDofBJmNY68="
    }
  }
}
